
Microsoft Visual Studio Solution File, Format Version 12.00
# Visual Studio Version 16
VisualStudioVersion = 16.0.30104.148
MinimumVisualStudioVersion = 10.0.40219.1
Project("{888888A0-9F3D-457C-B088-3A5042F75D52}") = "BasicProject1", "BasicProject1\BasicProject1.pyproj", "{5AA5E8DD-BF17-4811-86C8-DADCDC7A4ADA}"
EndProject
Global
	GlobalSection(SolutionConfigurationPlatforms) = preSolution
		Debug|Any CPU = Debug|Any CPU
		Release|Any CPU = Release|Any CPU
	EndGlobalSection
	GlobalSection(ProjectConfigurationPlatforms) = postSolution
		{5AA5E8DD-BF17-4811-86C8-DADCDC7A4ADA}.Debug|Any CPU.ActiveCfg = Debug|Any CPU
		{5AA5E8DD-BF17-4811-86C8-DADCDC7A4ADA}.Debug|Any CPU.Build.0 = Debug|Any CPU
		{5AA5E8DD-BF17-4811-86C8-DADCDC7A4ADA}.Release|Any CPU.ActiveCfg = Release|Any CPU
		{5AA5E8DD-BF17-4811-86C8-DADCDC7A4ADA}.Release|Any CPU.Build.0 = Release|Any CPU
	EndGlobalSection
	GlobalSection(SolutionProperties) = preSolution
		HideSolutionNode = FALSE
	EndGlobalSection
	GlobalSection(ExtensibilityGlobals) = postSolution
		SolutionGuid = {26809155-A954-4726-A7AE-F6D1DE6750F9}
	EndGlobalSection
EndGlobal
